
Microsoft Visual Studio Solution File, Format Version 12.00
# Visual Studio 14
VisualStudioVersion = 14.0.25420.1
MinimumVisualStudioVersion = 10.0.40219.1
Project("{8BC9CEB8-8B4A-11D0-8D11-00A0C91BC942}") = "Show_Lena", "Show_Lena\Show_Lena.vcxproj", "{56D6A34B-06A4-4652-AF78-530B58E6E2E8}"
EndProject
Global
	GlobalSection(SolutionConfigurationPlatforms) = preSolution
		Debug|x64 = Debug|x64
		Release|x64 = Release|x64
	EndGlobalSection
	GlobalSection(ProjectConfigurationPlatforms) = postSolution
		{56D6A34B-06A4-4652-AF78-530B58E6E2E8}.Debug|x64.ActiveCfg = Debug|x64
		{56D6A34B-06A4-4652-AF78-530B58E6E2E8}.Debug|x64.Build.0 = Debug|x64
		{56D6A34B-06A4-4652-AF78-530B58E6E2E8}.Release|x64.ActiveCfg = Release|x64
		{56D6A34B-06A4-4652-AF78-530B58E6E2E8}.Release|x64.Build.0 = Release|x64
	EndGlobalSection
	GlobalSection(SolutionProperties) = preSolution
		HideSolutionNode = FALSE
	EndGlobalSection
EndGlobal
